
Microsoft Visual Studio Solution File, Format Version 12.00
# Visual Studio 2012
Project("{FAE04EC0-301F-11D3-BF4B-00C04F79EFBC}") = "StringCoder", "StringCoder\StringCoder.csproj", "{0C86B38E-5D66-4AB6-B442-159D2581ECCE}"
EndProject
Global
	GlobalSection(SolutionConfigurationPlatforms) = preSolution
		Debug|Any CPU = Debug|Any CPU
		Release|Any CPU = Release|Any CPU
	EndGlobalSection
	GlobalSection(ProjectConfigurationPlatforms) = postSolution
		{0C86B38E-5D66-4AB6-B442-159D2581ECCE}.Debug|Any CPU.ActiveCfg = Debug|Any CPU
		{0C86B38E-5D66-4AB6-B442-159D2581ECCE}.Debug|Any CPU.Build.0 = Debug|Any CPU
		{0C86B38E-5D66-4AB6-B442-159D2581ECCE}.Release|Any CPU.ActiveCfg = Release|Any CPU
		{0C86B38E-5D66-4AB6-B442-159D2581ECCE}.Release|Any CPU.Build.0 = Release|Any CPU
	EndGlobalSection
	GlobalSection(SolutionProperties) = preSolution
		HideSolutionNode = FALSE
	EndGlobalSection
EndGlobal
